
Microsoft Visual Studio Solution File, Format Version 12.00
# Visual Studio Version 17
VisualStudioVersion = 17.12.35514.174
MinimumVisualStudioVersion = 10.0.40219.1
Project("{FAE04EC0-301F-11D3-BF4B-00C04F79EFBC}") = "Sample_API", "Sample_API\Sample_API.csproj", "{B82DD315-F473-4E00-8B97-FA888D7F489A}"
EndProject
Project("{2150E333-8FDC-42A3-9474-1A3956D46DE8}") = "Itens de Solução", "Itens de Solução", "{F1DBFC1F-E860-4578-8303-9F1D91FE417C}"
	ProjectSection(SolutionItems) = preProject
		.gitignore = .gitignore
	EndProjectSection
EndProject
Global
	GlobalSection(SolutionConfigurationPlatforms) = preSolution
		Debug|Any CPU = Debug|Any CPU
		Release|Any CPU = Release|Any CPU
	EndGlobalSection
	GlobalSection(ProjectConfigurationPlatforms) = postSolution
		{B82DD315-F473-4E00-8B97-FA888D7F489A}.Debug|Any CPU.ActiveCfg = Debug|Any CPU
		{B82DD315-F473-4E00-8B97-FA888D7F489A}.Debug|Any CPU.Build.0 = Debug|Any CPU
		{B82DD315-F473-4E00-8B97-FA888D7F489A}.Release|Any CPU.ActiveCfg = Release|Any CPU
		{B82DD315-F473-4E00-8B97-FA888D7F489A}.Release|Any CPU.Build.0 = Release|Any CPU
	EndGlobalSection
	GlobalSection(SolutionProperties) = preSolution
		HideSolutionNode = FALSE
	EndGlobalSection
EndGlobal
